# THIS IS AN AUTOGENERATED FILE. DO NOT EDIT THIS FILE DIRECTLY.
# yarn lockfile v1


react-hook-form@^7.15.4:
  version "7.15.4"
  resolved "https://registry.yarnpkg.com/react-hook-form/-/react-hook-form-7.15.4.tgz#5ddb9cb286ed5e261ce47fdbfe019c469980b3f5"
  integrity sha512-jEtsDBPfpkz1uuJVlTLDOg+jO3cG9pFHT3g5uayVvlNT551IetXE1iwrSaxUR/QPWyJA2FLx4Q/VjO2viZNfLg==
