{
  "name": "analytics-box-tracker",
  "version": "1.0.0",
  "lockfileVersion": 1,
  "requires": true,
  "dependencies": {
    "browser-interaction-time": {
      "version": "2.2.1",
      "resolved": "https://registry.npmjs.org/browser-interaction-time/-/browser-interaction-time-2.2.1.tgz",
      "integrity": "sha512-f6VDD3PrRqaXtDj4l0XELqS8HEu80Zyia0FK7wPKfGemnGeyU/Q6ROlCGAx/33P3D8u3U9wsmtTB+PvPfk1oBw=="
    },
    "nanoid": {
      "version": "3.1.25"
    }
  }
}
